
Microsoft Visual Studio Solution File, Format Version 12.00
# Visual Studio 15
Project("{FAE04EC0-301F-11D3-BF4B-00C04F79EFBC}") = "StaffApp", "StaffApp.csproj", "{C2194C9A-87E0-4034-B4B1-F6AEA757C431}"
EndProject
Project("{FAE04EC0-301F-11D3-BF4B-00C04F79EFBC}") = "TestStaffApp", "..\TestStaffApp\TestStaffApp.csproj", "{D2A88143-8F60-4A0E-8ED3-234AF67CD1A7}"
EndProject
Project("{2150E333-8FDC-42A3-9474-1A3956D46DE8}") = "Solution Items", "Solution Items", "{1B866B0B-A391-44E6-8332-A5DC406ECCBA}"
	ProjectSection(SolutionItems) = preProject
		..\azure-pipelines.yml = ..\azure-pipelines.yml
	EndProjectSection
EndProject
Global
	GlobalSection(SolutionConfigurationPlatforms) = preSolution
		Debug|Any CPU = Debug|Any CPU
		Release|Any CPU = Release|Any CPU
	EndGlobalSection
	GlobalSection(ProjectConfigurationPlatforms) = postSolution
		{C2194C9A-87E0-4034-B4B1-F6AEA757C431}.Debug|Any CPU.ActiveCfg = Debug|Any CPU
		{C2194C9A-87E0-4034-B4B1-F6AEA757C431}.Debug|Any CPU.Build.0 = Debug|Any CPU
		{C2194C9A-87E0-4034-B4B1-F6AEA757C431}.Release|Any CPU.ActiveCfg = Release|Any CPU
		{C2194C9A-87E0-4034-B4B1-F6AEA757C431}.Release|Any CPU.Build.0 = Release|Any CPU
		{D2A88143-8F60-4A0E-8ED3-234AF67CD1A7}.Debug|Any CPU.ActiveCfg = Debug|Any CPU
		{D2A88143-8F60-4A0E-8ED3-234AF67CD1A7}.Debug|Any CPU.Build.0 = Debug|Any CPU
		{D2A88143-8F60-4A0E-8ED3-234AF67CD1A7}.Release|Any CPU.ActiveCfg = Release|Any CPU
		{D2A88143-8F60-4A0E-8ED3-234AF67CD1A7}.Release|Any CPU.Build.0 = Release|Any CPU
	EndGlobalSection
EndGlobal
